
Microsoft Visual Studio Solution File, Format Version 12.00
# Visual Studio Version 16
VisualStudioVersion = 16.0.31205.134
MinimumVisualStudioVersion = 10.0.40219.1
Project("{FAE04EC0-301F-11D3-BF4B-00C04F79EFBC}") = "1 TConverterLibrary", "1 TConverterLibrary\1 TConverterLibrary.csproj", "{DFABB0C9-AF93-4CCE-83A7-37BD7566F713}"
EndProject
Project("{FAE04EC0-301F-11D3-BF4B-00C04F79EFBC}") = "2 TConverter", "2 TConverter\2 TConverter.csproj", "{08DC7E56-359D-43C1-A443-2D8272700C8C}"
EndProject
Project("{FAE04EC0-301F-11D3-BF4B-00C04F79EFBC}") = "3 MyReflector", "MyReflector\3 MyReflector.csproj", "{B8A5DD98-889C-4A9E-9A11-DC2643F91C28}"
EndProject
Global
	GlobalSection(SolutionConfigurationPlatforms) = preSolution
		Debug|Any CPU = Debug|Any CPU
		Release|Any CPU = Release|Any CPU
	EndGlobalSection
	GlobalSection(ProjectConfigurationPlatforms) = postSolution
		{DFABB0C9-AF93-4CCE-83A7-37BD7566F713}.Debug|Any CPU.ActiveCfg = Debug|Any CPU
		{DFABB0C9-AF93-4CCE-83A7-37BD7566F713}.Debug|Any CPU.Build.0 = Debug|Any CPU
		{DFABB0C9-AF93-4CCE-83A7-37BD7566F713}.Release|Any CPU.ActiveCfg = Release|Any CPU
		{DFABB0C9-AF93-4CCE-83A7-37BD7566F713}.Release|Any CPU.Build.0 = Release|Any CPU
		{08DC7E56-359D-43C1-A443-2D8272700C8C}.Debug|Any CPU.ActiveCfg = Debug|Any CPU
		{08DC7E56-359D-43C1-A443-2D8272700C8C}.Debug|Any CPU.Build.0 = Debug|Any CPU
		{08DC7E56-359D-43C1-A443-2D8272700C8C}.Release|Any CPU.ActiveCfg = Release|Any CPU
		{08DC7E56-359D-43C1-A443-2D8272700C8C}.Release|Any CPU.Build.0 = Release|Any CPU
		{B8A5DD98-889C-4A9E-9A11-DC2643F91C28}.Debug|Any CPU.ActiveCfg = Debug|Any CPU
		{B8A5DD98-889C-4A9E-9A11-DC2643F91C28}.Debug|Any CPU.Build.0 = Debug|Any CPU
		{B8A5DD98-889C-4A9E-9A11-DC2643F91C28}.Release|Any CPU.ActiveCfg = Release|Any CPU
		{B8A5DD98-889C-4A9E-9A11-DC2643F91C28}.Release|Any CPU.Build.0 = Release|Any CPU
	EndGlobalSection
	GlobalSection(SolutionProperties) = preSolution
		HideSolutionNode = FALSE
	EndGlobalSection
	GlobalSection(ExtensibilityGlobals) = postSolution
		SolutionGuid = {267BEDD4-AB73-44FB-A767-C8F608CEBC70}
	EndGlobalSection
EndGlobal
